// !$*UTF8*$!
{
	archiveVersion = 1;
	classes = {
	};
	objectVersion = 46;
	objects = {

/* Begin PBXBuildFile section */
		8ECA755C19B4729A001CA4B1 /* Foundation.framework in Frameworks */ = {isa = PBXBuildFile; fileRef = 8ECA755B19B4729A001CA4B1 /* Foundation.framework */; };
		8ECA755E19B4729A001CA4B1 /* CoreGraphics.framework in Frameworks */ = {isa = PBXBuildFile; fileRef = 8ECA755D19B4729A001CA4B1 /* CoreGraphics.framework */; };
		8ECA756019B4729A001CA4B1 /* UIKit.framework in Frameworks */ = {isa = PBXBuildFile; fileRef = 8ECA755F19B4729A001CA4B1 /* UIKit.framework */; };
		8ECA756619B4729A001CA4B1 /* InfoPlist.strings in Resources */ = {isa = PBXBuildFile; fileRef = 8ECA756419B4729A001CA4B1 /* InfoPlist.strings */; };
		8ECA756819B4729A001CA4B1 /* main.m in Sources */ = {isa = PBXBuildFile; fileRef = 8ECA756719B4729A001CA4B1 /* main.m */; };
		8ECA756C19B4729A001CA4B1 /* AppDelegate.m in Sources */ = {isa = PBXBuildFile; fileRef = 8ECA756B19B4729A001CA4B1 /* AppDelegate.m */; };
		8ECA756F19B4729A001CA4B1 /* Main_iPhone.storyboard in Resources */ = {isa = PBXBuildFile; fileRef = 8ECA756D19B4729A001CA4B1 /* Main_iPhone.storyboard */; };
		8ECA757219B4729A001CA4B1 /* Main_iPad.storyboard in Resources */ = {isa = PBXBuildFile; fileRef = 8ECA757019B4729A001CA4B1 /* Main_iPad.storyboard */; };
		8ECA757519B4729A001CA4B1 /* ViewController.m in Sources */ = {isa = PBXBuildFile; fileRef = 8ECA757419B4729A001CA4B1 /* ViewController.m */; };
		8ECA757719B4729B001CA4B1 /* Images.xcassets in Resources */ = {isa = PBXBuildFile; fileRef = 8ECA757619B4729B001CA4B1 /* Images.xcassets */; };
		8ECA757E19B4729B001CA4B1 /* XCTest.framework in Frameworks */ = {isa = PBXBuildFile; fileRef = 8ECA757D19B4729B001CA4B1 /* XCTest.framework */; };
		8ECA757F19B4729B001CA4B1 /* Foundation.framework in Frameworks */ = {isa = PBXBuildFile; fileRef = 8ECA755B19B4729A001CA4B1 /* Foundation.framework */; };
		8ECA758019B4729B001CA4B1 /* UIKit.framework in Frameworks */ = {isa = PBXBuildFile; fileRef = 8ECA755F19B4729A001CA4B1 /* UIKit.framework */; };
		8ECA758819B4729B001CA4B1 /* InfoPlist.strings in Resources */ = {isa = PBXBuildFile; fileRef = 8ECA758619B4729B001CA4B1 /* InfoPlist.strings */; };
		8ECA758A19B4729B001CA4B1 /* KBRoundedButtonExampleTests.m in Sources */ = {isa = PBXBuildFile; fileRef = 8ECA758919B4729B001CA4B1 /* KBRoundedButtonExampleTests.m */; };
		8ECA759919B472B5001CA4B1 /* KBRoundedButton.m in Sources */ = {isa = PBXBuildFile; fileRef = 8ECA759719B472B5001CA4B1 /* KBRoundedButton.m */; };
		8ECA759C19B472E5001CA4B1 /* UIImage+Color.m in Sources */ = {isa = PBXBuildFile; fileRef = 8ECA759B19B472E5001CA4B1 /* UIImage+Color.m */; };
		C91DC7B93FB34C5F91C64517 /* libPods.a in Frameworks */ = {isa = PBXBuildFile; fileRef = D3B02070D8974B99A45F8385 /* libPods.a */; };
/* End PBXBuildFile section */

/* Begin PBXContainerItemProxy section */
		8ECA758119B4729B001CA4B1 /* PBXContainerItemProxy */ = {
			isa = PBXContainerItemProxy;
			containerPortal = 8ECA755019B4729A001CA4B1 /* Project object */;
			proxyType = 1;
			remoteGlobalIDString = 8ECA755719B4729A001CA4B1;
			remoteInfo = KBRoundedButtonExample;
		};
/* End PBXContainerItemProxy section */

/* Begin PBXFileReference section */
		548C972D93A979A4F0E202BF /* Pods.debug.xcconfig */ = {isa = PBXFileReference; includeInIndex = 1; lastKnownFileType = text.xcconfig; name = Pods.debug.xcconfig; path = "Pods/Target Support Files/Pods/Pods.debug.xcconfig"; sourceTree = "<group>"; };
		6771BDFFD605F128473F3979 /* Pods.release.xcconfig */ = {isa = PBXFileReference; includeInIndex = 1; lastKnownFileType = text.xcconfig; name = Pods.release.xcconfig; path = "Pods/Target Support Files/Pods/Pods.release.xcconfig"; sourceTree = "<group>"; };
		8EB6893519B5C4B100C221D0 /* KBRoundedButton.podspec */ = {isa = PBXFileReference; lastKnownFileType = text; path = KBRoundedButton.podspec; sourceTree = SOURCE_ROOT; };
		8EB6893619B5C4B100C221D0 /* Readme.md */ = {isa = PBXFileReference; lastKnownFileType = text; path = Readme.md; sourceTree = SOURCE_ROOT; };
		8ECA755819B4729A001CA4B1 /* KBRoundedButtonExample.app */ = {isa = PBXFileReference; explicitFileType = wrapper.application; includeInIndex = 0; path = KBRoundedButtonExample.app; sourceTree = BUILT_PRODUCTS_DIR; };
		8ECA755B19B4729A001CA4B1 /* Foundation.framework */ = {isa = PBXFileReference; lastKnownFileType = wrapper.framework; name = Foundation.framework; path = System/Library/Frameworks/Foundation.framework; sourceTree = SDKROOT; };
		8ECA755D19B4729A001CA4B1 /* CoreGraphics.framework */ = {isa = PBXFileReference; lastKnownFileType = wrapper.framework; name = CoreGraphics.framework; path = System/Library/Frameworks/CoreGraphics.framework; sourceTree = SDKROOT; };
		8ECA755F19B4729A001CA4B1 /* UIKit.framework */ = {isa = PBXFileReference; lastKnownFileType = wrapper.framework; name = UIKit.framework; path = System/Library/Frameworks/UIKit.framework; sourceTree = SDKROOT; };
		8ECA756319B4729A001CA4B1 /* KBRoundedButtonExample-Info.plist */ = {isa = PBXFileReference; lastKnownFileType = text.plist.xml; path = "KBRoundedButtonExample-Info.plist"; sourceTree = "<group>"; };
		8ECA756519B4729A001CA4B1 /* en */ = {isa = PBXFileReference; lastKnownFileType = text.plist.strings; name = en; path = en.lproj/InfoPlist.strings; sourceTree = "<group>"; };
		8ECA756719B4729A001CA4B1 /* main.m */ = {isa = PBXFileReference; lastKnownFileType = sourcecode.c.objc; path = main.m; sourceTree = "<group>"; };
		8ECA756919B4729A001CA4B1 /* KBRoundedButtonExample-Prefix.pch */ = {isa = PBXFileReference; lastKnownFileType = sourcecode.c.h; path = "KBRoundedButtonExample-Prefix.pch"; sourceTree = "<group>"; };
		8ECA756A19B4729A001CA4B1 /* AppDelegate.h */ = {isa = PBXFileReference; lastKnownFileType = sourcecode.c.h; path = AppDelegate.h; sourceTree = "<group>"; };
		8ECA756B19B4729A001CA4B1 /* AppDelegate.m */ = {isa = PBXFileReference; lastKnownFileType = sourcecode.c.objc; path = AppDelegate.m; sourceTree = "<group>"; };
		8ECA756E19B4729A001CA4B1 /* Base */ = {isa = PBXFileReference; lastKnownFileType = file.storyboard; name = Base; path = Base.lproj/Main_iPhone.storyboard; sourceTree = "<group>"; };
		8ECA757119B4729A001CA4B1 /* Base */ = {isa = PBXFileReference; lastKnownFileType = file.storyboard; name = Base; path = Base.lproj/Main_iPad.storyboard; sourceTree = "<group>"; };
		8ECA757319B4729A001CA4B1 /* ViewController.h */ = {isa = PBXFileReference; lastKnownFileType = sourcecode.c.h; path = ViewController.h; sourceTree = "<group>"; };
		8ECA757419B4729A001CA4B1 /* ViewController.m */ = {isa = PBXFileReference; lastKnownFileType = sourcecode.c.objc; path = ViewController.m; sourceTree = "<group>"; };
		8ECA757619B4729B001CA4B1 /* Images.xcassets */ = {isa = PBXFileReference; lastKnownFileType = folder.assetcatalog; path = Images.xcassets; sourceTree = "<group>"; };
		8ECA757C19B4729B001CA4B1 /* KBRoundedButtonExampleTests.xctest */ = {isa = PBXFileReference; explicitFileType = wrapper.cfbundle; includeInIndex = 0; path = KBRoundedButtonExampleTests.xctest; sourceTree = BUILT_PRODUCTS_DIR; };
		8ECA757D19B4729B001CA4B1 /* XCTest.framework */ = {isa = PBXFileReference; lastKnownFileType = wrapper.framework; name = XCTest.framework; path = Library/Frameworks/XCTest.framework; sourceTree = DEVELOPER_DIR; };
		8ECA758519B4729B001CA4B1 /* KBRoundedButtonExampleTests-Info.plist */ = {isa = PBXFileReference; lastKnownFileType = text.plist.xml; path = "KBRoundedButtonExampleTests-Info.plist"; sourceTree = "<group>"; };
		8ECA758719B4729B001CA4B1 /* en */ = {isa = PBXFileReference; lastKnownFileType = text.plist.strings; name = en; path = en.lproj/InfoPlist.strings; sourceTree = "<group>"; };
		8ECA758919B4729B001CA4B1 /* KBRoundedButtonExampleTests.m */ = {isa = PBXFileReference; lastKnownFileType = sourcecode.c.objc; path = KBRoundedButtonExampleTests.m; sourceTree = "<group>"; };
		8ECA759619B472B5001CA4B1 /* KBRoundedButton.h */ = {isa = PBXFileReference; fileEncoding = 4; lastKnownFileType = sourcecode.c.h; path = KBRoundedButton.h; sourceTree = "<group>"; };
		8ECA759719B472B5001CA4B1 /* KBRoundedButton.m */ = {isa = PBXFileReference; fileEncoding = 4; lastKnownFileType = sourcecode.c.objc; path = KBRoundedButton.m; sourceTree = "<group>"; };
		8ECA759A19B472E5001CA4B1 /* UIImage+Color.h */ = {isa = PBXFileReference; fileEncoding = 4; lastKnownFileType = sourcecode.c.h; path = "UIImage+Color.h"; sourceTree = "<group>"; };
		8ECA759B19B472E5001CA4B1 /* UIImage+Color.m */ = {isa = PBXFileReference; fileEncoding = 4; lastKnownFileType = sourcecode.c.objc; path = "UIImage+Color.m"; sourceTree = "<group>"; };
		D3B02070D8974B99A45F8385 /* libPods.a */ = {isa = PBXFileReference; explicitFileType = archive.ar; includeInIndex = 0; path = libPods.a; sourceTree = BUILT_PRODUCTS_DIR; };
/* End PBXFileReference section */

/* Begin PBXFrameworksBuildPhase section */
		8ECA755519B4729A001CA4B1 /* Frameworks */ = {
			isa = PBXFrameworksBuildPhase;
			buildActionMask = 2147483647;
			files = (
				8ECA755E19B4729A001CA4B1 /* CoreGraphics.framework in Frameworks */,
				8ECA756019B4729A001CA4B1 /* UIKit.framework in Frameworks */,
				8ECA755C19B4729A001CA4B1 /* Foundation.framework in Frameworks */,
				C91DC7B93FB34C5F91C64517 /* libPods.a in Frameworks */,
			);
			runOnlyForDeploymentPostprocessing = 0;
		};
		8ECA757919B4729B001CA4B1 /* Frameworks */ = {
			isa = PBXFrameworksBuildPhase;
			buildActionMask = 2147483647;
			files = (
				8ECA757E19B4729B001CA4B1 /* XCTest.framework in Frameworks */,
				8ECA758019B4729B001CA4B1 /* UIKit.framework in Frameworks */,
				8ECA757F19B4729B001CA4B1 /* Foundation.framework in Frameworks */,
			);
			runOnlyForDeploymentPostprocessing = 0;
		};
/* End PBXFrameworksBuildPhase section */

/* Begin PBXGroup section */
		8ECA754F19B4729A001CA4B1 = {
			isa = PBXGroup;
			children = (
				8ECA759319B472B5001CA4B1 /* KBRoundedButton */,
				8ECA756119B4729A001CA4B1 /* KBRoundedButtonExample */,
				8ECA758319B4729B001CA4B1 /* KBRoundedButtonExampleTests */,
				8ECA755A19B4729A001CA4B1 /* Frameworks */,
				8ECA755919B4729A001CA4B1 /* Products */,
				AE234FA29504615F68E35D27 /* Pods */,
			);
			sourceTree = "<group>";
		};
		8ECA755919B4729A001CA4B1 /* Products */ = {
			isa = PBXGroup;
			children = (
				8ECA755819B4729A001CA4B1 /* KBRoundedButtonExample.app */,
				8ECA757C19B4729B001CA4B1 /* KBRoundedButtonExampleTests.xctest */,
			);
			name = Products;
			sourceTree = "<group>";
		};
		8ECA755A19B4729A001CA4B1 /* Frameworks */ = {
			isa = PBXGroup;
			children = (
				8ECA755B19B4729A001CA4B1 /* Foundation.framework */,
				8ECA755D19B4729A001CA4B1 /* CoreGraphics.framework */,
				8ECA755F19B4729A001CA4B1 /* UIKit.framework */,
				8ECA757D19B4729B001CA4B1 /* XCTest.framework */,
				D3B02070D8974B99A45F8385 /* libPods.a */,
			);
			name = Frameworks;
			sourceTree = "<group>";
		};
		8ECA756119B4729A001CA4B1 /* KBRoundedButtonExample */ = {
			isa = PBXGroup;
			children = (
				8ECA756A19B4729A001CA4B1 /* AppDelegate.h */,
				8ECA756B19B4729A001CA4B1 /* AppDelegate.m */,
				8ECA756D19B4729A001CA4B1 /* Main_iPhone.storyboard */,
				8ECA757019B4729A001CA4B1 /* Main_iPad.storyboard */,
				8ECA757319B4729A001CA4B1 /* ViewController.h */,
				8ECA757419B4729A001CA4B1 /* ViewController.m */,
				8ECA757619B4729B001CA4B1 /* Images.xcassets */,
				8ECA756219B4729A001CA4B1 /* Supporting Files */,
			);
			path = KBRoundedButtonExample;
			sourceTree = "<group>";
		};
		8ECA756219B4729A001CA4B1 /* Supporting Files */ = {
			isa = PBXGroup;
			children = (
				8EB6893519B5C4B100C221D0 /* KBRoundedButton.podspec */,
				8EB6893619B5C4B100C221D0 /* Readme.md */,
				8ECA756319B4729A001CA4B1 /* KBRoundedButtonExample-Info.plist */,
				8ECA756419B4729A001CA4B1 /* InfoPlist.strings */,
				8ECA756719B4729A001CA4B1 /* main.m */,
				8ECA756919B4729A001CA4B1 /* KBRoundedButtonExample-Prefix.pch */,
			);
			name = "Supporting Files";
			sourceTree = "<group>";
		};
		8ECA758319B4729B001CA4B1 /* KBRoundedButtonExampleTests */ = {
			isa = PBXGroup;
			children = (
				8ECA758919B4729B001CA4B1 /* KBRoundedButtonExampleTests.m */,
				8ECA758419B4729B001CA4B1 /* Supporting Files */,
			);
			path = KBRoundedButtonExampleTests;
			sourceTree = "<group>";
		};
		8ECA758419B4729B001CA4B1 /* Supporting Files */ = {
			isa = PBXGroup;
			children = (
				8ECA758519B4729B001CA4B1 /* KBRoundedButtonExampleTests-Info.plist */,
				8ECA758619B4729B001CA4B1 /* InfoPlist.strings */,
			);
			name = "Supporting Files";
			sourceTree = "<group>";
		};
		8ECA759319B472B5001CA4B1 /* KBRoundedButton */ = {
			isa = PBXGroup;
			children = (
				8ECA759A19B472E5001CA4B1 /* UIImage+Color.h */,
				8ECA759B19B472E5001CA4B1 /* UIImage+Color.m */,
				8ECA759619B472B5001CA4B1 /* KBRoundedButton.h */,
				8ECA759719B472B5001CA4B1 /* KBRoundedButton.m */,
			);
			path = KBRoundedButton;
			sourceTree = "<group>";
		};
		AE234FA29504615F68E35D27 /* Pods */ = {
			isa = PBXGroup;
			children = (
				548C972D93A979A4F0E202BF /* Pods.debug.xcconfig */,
				6771BDFFD605F128473F3979 /* Pods.release.xcconfig */,
			);
			name = Pods;
			sourceTree = "<group>";
		};
/* End PBXGroup section */

/* Begin PBXNativeTarget section */
		8ECA755719B4729A001CA4B1 /* KBRoundedButtonExample */ = {
			isa = PBXNativeTarget;
			buildConfigurationList = 8ECA758D19B4729B001CA4B1 /* Build configuration list for PBXNativeTarget "KBRoundedButtonExample" */;
			buildPhases = (
				A7A2151634D94F8FA1C65959 /* Check Pods Manifest.lock */,
				8ECA755419B4729A001CA4B1 /* Sources */,
				8ECA755519B4729A001CA4B1 /* Frameworks */,
				8ECA755619B4729A001CA4B1 /* Resources */,
				BE5773F2CFFC4E50B4F349FB /* Copy Pods Resources */,
			);
			buildRules = (
			);
			dependencies = (
			);
			name = KBRoundedButtonExample;
			productName = KBRoundedButtonExample;
			productReference = 8ECA755819B4729A001CA4B1 /* KBRoundedButtonExample.app */;
			productType = "com.apple.product-type.application";
		};
		8ECA757B19B4729B001CA4B1 /* KBRoundedButtonExampleTests */ = {
			isa = PBXNativeTarget;
			buildConfigurationList = 8ECA759019B4729B001CA4B1 /* Build configuration list for PBXNativeTarget "KBRoundedButtonExampleTests" */;
			buildPhases = (
				8ECA757819B4729B001CA4B1 /* Sources */,
				8ECA757919B4729B001CA4B1 /* Frameworks */,
				8ECA757A19B4729B001CA4B1 /* Resources */,
			);
			buildRules = (
			);
			dependencies = (
				8ECA758219B4729B001CA4B1 /* PBXTargetDependency */,
			);
			name = KBRoundedButtonExampleTests;
			productName = KBRoundedButtonExampleTests;
			productReference = 8ECA757C19B4729B001CA4B1 /* KBRoundedButtonExampleTests.xctest */;
			productType = "com.apple.product-type.bundle.unit-test";
		};
/* End PBXNativeTarget section */

/* Begin PBXProject section */
		8ECA755019B4729A001CA4B1 /* Project object */ = {
			isa = PBXProject;
			attributes = {
				LastUpgradeCheck = 0720;
				ORGANIZATIONNAME = Sigmapoint;
				TargetAttributes = {
					8ECA757B19B4729B001CA4B1 = {
						TestTargetID = 8ECA755719B4729A001CA4B1;
					};
				};
			};
			buildConfigurationList = 8ECA755319B4729A001CA4B1 /* Build configuration list for PBXProject "KBRoundedButtonExample" */;
			compatibilityVersion = "Xcode 3.2";
			developmentRegion = English;
			hasScannedForEncodings = 0;
			knownRegions = (
				en,
				Base,
			);
			mainGroup = 8ECA754F19B4729A001CA4B1;
			productRefGroup = 8ECA755919B4729A001CA4B1 /* Products */;
			projectDirPath = "";
			projectRoot = "";
			targets = (
				8ECA755719B4729A001CA4B1 /* KBRoundedButtonExample */,
				8ECA757B19B4729B001CA4B1 /* KBRoundedButtonExampleTests */,
			);
		};
/* End PBXProject section */

/* Begin PBXResourcesBuildPhase section */
		8ECA755619B4729A001CA4B1 /* Resources */ = {
			isa = PBXResourcesBuildPhase;
			buildActionMask = 2147483647;
			files = (
				8ECA757219B4729A001CA4B1 /* Main_iPad.storyboard in Resources */,
				8ECA757719B4729B001CA4B1 /* Images.xcassets in Resources */,
				8ECA756F19B4729A001CA4B1 /* Main_iPhone.storyboard in Resources */,
				8ECA756619B4729A001CA4B1 /* InfoPlist.strings in Resources */,
			);
			runOnlyForDeploymentPostprocessing = 0;
		};
		8ECA757A19B4729B001CA4B1 /* Resources */ = {
			isa = PBXResourcesBuildPhase;
			buildActionMask = 2147483647;
			files = (
				8ECA758819B4729B001CA4B1 /* InfoPlist.strings in Resources */,
			);
			runOnlyForDeploymentPostprocessing = 0;
		};
/* End PBXResourcesBuildPhase section */

/* Begin PBXShellScriptBuildPhase section */
		A7A2151634D94F8FA1C65959 /* Check Pods Manifest.lock */ = {
			isa = PBXShellScriptBuildPhase;
			buildActionMask = 2147483647;
			files = (
			);
			inputPaths = (
			);
			name = "Check Pods Manifest.lock";
			outputPaths = (
			);
			runOnlyForDeploymentPostprocessing = 0;
			shellPath = /bin/sh;
			shellScript = "diff \"${PODS_ROOT}/../Podfile.lock\" \"${PODS_ROOT}/Manifest.lock\" > /dev/null\nif [[ $? != 0 ]] ; then\n    cat << EOM\nerror: The sandbox is not in sync with the Podfile.lock. Run 'pod install' or update your CocoaPods installation.\nEOM\n    exit 1\nfi\n";
			showEnvVarsInLog = 0;
		};
		BE5773F2CFFC4E50B4F349FB /* Copy Pods Resources */ = {
			isa = PBXShellScriptBuildPhase;
			buildActionMask = 2147483647;
			files = (
			);
			inputPaths = (
			);
			name = "Copy Pods Resources";
			outputPaths = (
			);
			runOnlyForDeploymentPostprocessing = 0;
			shellPath = /bin/sh;
			shellScript = "\"${SRCROOT}/Pods/Target Support Files/Pods/Pods-resources.sh\"\n";
			showEnvVarsInLog = 0;
		};
/* End PBXShellScriptBuildPhase section */

/* Begin PBXSourcesBuildPhase section */
		8ECA755419B4729A001CA4B1 /* Sources */ = {
			isa = PBXSourcesBuildPhase;
			buildActionMask = 2147483647;
			files = (
				8ECA757519B4729A001CA4B1 /* ViewController.m in Sources */,
				8ECA756C19B4729A001CA4B1 /* AppDelegate.m in Sources */,
				8ECA759C19B472E5001CA4B1 /* UIImage+Color.m in Sources */,
				8ECA759919B472B5001CA4B1 /* KBRoundedButton.m in Sources */,
				8ECA756819B4729A001CA4B1 /* main.m in Sources */,
			);
			runOnlyForDeploymentPostprocessing = 0;
		};
		8ECA757819B4729B001CA4B1 /* Sources */ = {
			isa = PBXSourcesBuildPhase;
			buildActionMask = 2147483647;
			files = (
				8ECA758A19B4729B001CA4B1 /* KBRoundedButtonExampleTests.m in Sources */,
			);
			runOnlyForDeploymentPostprocessing = 0;
		};
/* End PBXSourcesBuildPhase section */

/* Begin PBXTargetDependency section */
		8ECA758219B4729B001CA4B1 /* PBXTargetDependency */ = {
			isa = PBXTargetDependency;
			target = 8ECA755719B4729A001CA4B1 /* KBRoundedButtonExample */;
			targetProxy = 8ECA758119B4729B001CA4B1 /* PBXContainerItemProxy */;
		};
/* End PBXTargetDependency section */

/* Begin PBXVariantGroup section */
		8ECA756419B4729A001CA4B1 /* InfoPlist.strings */ = {
			isa = PBXVariantGroup;
			children = (
				8ECA756519B4729A001CA4B1 /* en */,
			);
			name = InfoPlist.strings;
			sourceTree = "<group>";
		};
		8ECA756D19B4729A001CA4B1 /* Main_iPhone.storyboard */ = {
			isa = PBXVariantGroup;
			children = (
				8ECA756E19B4729A001CA4B1 /* Base */,
			);
			name = Main_iPhone.storyboard;
			sourceTree = "<group>";
		};
		8ECA757019B4729A001CA4B1 /* Main_iPad.storyboard */ = {
			isa = PBXVariantGroup;
			children = (
				8ECA757119B4729A001CA4B1 /* Base */,
			);
			name = Main_iPad.storyboard;
			sourceTree = "<group>";
		};
		8ECA758619B4729B001CA4B1 /* InfoPlist.strings */ = {
			isa = PBXVariantGroup;
			children = (
				8ECA758719B4729B001CA4B1 /* en */,
			);
			name = InfoPlist.strings;
			sourceTree = "<group>";
		};
/* End PBXVariantGroup section */

/* Begin XCBuildConfiguration section */
		8ECA758B19B4729B001CA4B1 /* Debug */ = {
			isa = XCBuildConfiguration;
			buildSettings = {
				ALWAYS_SEARCH_USER_PATHS = NO;
				CLANG_CXX_LANGUAGE_STANDARD = "gnu++0x";
				CLANG_CXX_LIBRARY = "libc++";
				CLANG_ENABLE_MODULES = YES;
				CLANG_ENABLE_OBJC_ARC = YES;
				CLANG_WARN_BOOL_CONVERSION = YES;
				CLANG_WARN_CONSTANT_CONVERSION = YES;
				CLANG_WARN_DIRECT_OBJC_ISA_USAGE = YES_ERROR;
				CLANG_WARN_EMPTY_BODY = YES;
				CLANG_WARN_ENUM_CONVERSION = YES;
				CLANG_WARN_INT_CONVERSION = YES;
				CLANG_WARN_OBJC_ROOT_CLASS = YES_ERROR;
				CLANG_WARN__DUPLICATE_METHOD_MATCH = YES;
				"CODE_SIGN_IDENTITY[sdk=iphoneos*]" = "iPhone Developer";
				COPY_PHASE_STRIP = NO;
				ENABLE_TESTABILITY = YES;
				GCC_C_LANGUAGE_STANDARD = gnu99;
				GCC_DYNAMIC_NO_PIC = NO;
				GCC_OPTIMIZATION_LEVEL = 0;
				GCC_PREPROCESSOR_DEFINITIONS = (
					"DEBUG=1",
					"$(inherited)",
				);
				GCC_SYMBOLS_PRIVATE_EXTERN = NO;
				GCC_WARN_64_TO_32_BIT_CONVERSION = YES;
				GCC_WARN_ABOUT_RETURN_TYPE = YES_ERROR;
				GCC_WARN_UNDECLARED_SELECTOR = YES;
				GCC_WARN_UNINITIALIZED_AUTOS = YES_AGGRESSIVE;
				GCC_WARN_UNUSED_FUNCTION = YES;
				GCC_WARN_UNUSED_VARIABLE = YES;
				IPHONEOS_DEPLOYMENT_TARGET = 7.1;
				ONLY_ACTIVE_ARCH = YES;
				SDKROOT = iphoneos;
				TARGETED_DEVICE_FAMILY = "1,2";
			};
			name = Debug;
		};
		8ECA758C19B4729B001CA4B1 /* Release */ = {
			isa = XCBuildConfiguration;
			buildSettings = {
				ALWAYS_SEARCH_USER_PATHS = NO;
				CLANG_CXX_LANGUAGE_STANDARD = "gnu++0x";
				CLANG_CXX_LIBRARY = "libc++";
				CLANG_ENABLE_MODULES = YES;
				CLANG_ENABLE_OBJC_ARC = YES;
				CLANG_WARN_BOOL_CONVERSION = YES;
				CLANG_WARN_CONSTANT_CONVERSION = YES;
				CLANG_WARN_DIRECT_OBJC_ISA_USAGE = YES_ERROR;
				CLANG_WARN_EMPTY_BODY = YES;
				CLANG_WARN_ENUM_CONVERSION = YES;
				CLANG_WARN_INT_CONVERSION = YES;
				CLANG_WARN_OBJC_ROOT_CLASS = YES_ERROR;
				CLANG_WARN__DUPLICATE_METHOD_MATCH = YES;
				"CODE_SIGN_IDENTITY[sdk=iphoneos*]" = "iPhone Developer";
				COPY_PHASE_STRIP = YES;
				ENABLE_NS_ASSERTIONS = NO;
				GCC_C_LANGUAGE_STANDARD = gnu99;
				GCC_WARN_64_TO_32_BIT_CONVERSION = YES;
				GCC_WARN_ABOUT_RETURN_TYPE = YES_ERROR;
				GCC_WARN_UNDECLARED_SELECTOR = YES;
				GCC_WARN_UNINITIALIZED_AUTOS = YES_AGGRESSIVE;
				GCC_WARN_UNUSED_FUNCTION = YES;
				GCC_WARN_UNUSED_VARIABLE = YES;
				IPHONEOS_DEPLOYMENT_TARGET = 7.1;
				SDKROOT = iphoneos;
				TARGETED_DEVICE_FAMILY = "1,2";
				VALIDATE_PRODUCT = YES;
			};
			name = Release;
		};
		8ECA758E19B4729B001CA4B1 /* Debug */ = {
			isa = XCBuildConfiguration;
			baseConfigurationReference = 548C972D93A979A4F0E202BF /* Pods.debug.xcconfig */;
			buildSettings = {
				ASSETCATALOG_COMPILER_APPICON_NAME = AppIcon;
				ASSETCATALOG_COMPILER_LAUNCHIMAGE_NAME = LaunchImage;
				GCC_PRECOMPILE_PREFIX_HEADER = YES;
				GCC_PREFIX_HEADER = "KBRoundedButtonExample/KBRoundedButtonExample-Prefix.pch";
				INFOPLIST_FILE = "KBRoundedButtonExample/KBRoundedButtonExample-Info.plist";
				PRODUCT_BUNDLE_IDENTIFIER = "pl.sigmapoint.${PRODUCT_NAME:rfc1034identifier}";
				PRODUCT_NAME = "$(TARGET_NAME)";
				WRAPPER_EXTENSION = app;
			};
			name = Debug;
		};
		8ECA758F19B4729B001CA4B1 /* Release */ = {
			isa = XCBuildConfiguration;
			baseConfigurationReference = 6771BDFFD605F128473F3979 /* Pods.release.xcconfig */;
			buildSettings = {
				ASSETCATALOG_COMPILER_APPICON_NAME = AppIcon;
				ASSETCATALOG_COMPILER_LAUNCHIMAGE_NAME = LaunchImage;
				GCC_PRECOMPILE_PREFIX_HEADER = YES;
				GCC_PREFIX_HEADER = "KBRoundedButtonExample/KBRoundedButtonExample-Prefix.pch";
				INFOPLIST_FILE = "KBRoundedButtonExample/KBRoundedButtonExample-Info.plist";
				PRODUCT_BUNDLE_IDENTIFIER = "pl.sigmapoint.${PRODUCT_NAME:rfc1034identifier}";
				PRODUCT_NAME = "$(TARGET_NAME)";
				WRAPPER_EXTENSION = app;
			};
			name = Release;
		};
		8ECA759119B4729B001CA4B1 /* Debug */ = {
			isa = XCBuildConfiguration;
			buildSettings = {
				BUNDLE_LOADER = "$(BUILT_PRODUCTS_DIR)/KBRoundedButtonExample.app/KBRoundedButtonExample";
				FRAMEWORK_SEARCH_PATHS = (
					"$(SDKROOT)/Developer/Library/Frameworks",
					"$(inherited)",
					"$(DEVELOPER_FRAMEWORKS_DIR)",
				);
				GCC_PRECOMPILE_PREFIX_HEADER = YES;
				GCC_PREFIX_HEADER = "KBRoundedButtonExample/KBRoundedButtonExample-Prefix.pch";
				GCC_PREPROCESSOR_DEFINITIONS = (
					"DEBUG=1",
					"$(inherited)",
				);
				INFOPLIST_FILE = "KBRoundedButtonExampleTests/KBRoundedButtonExampleTests-Info.plist";
				PRODUCT_BUNDLE_IDENTIFIER = "pl.sigmapoint.${PRODUCT_NAME:rfc1034identifier}";
				PRODUCT_NAME = "$(TARGET_NAME)";
				TEST_HOST = "$(BUNDLE_LOADER)";
				WRAPPER_EXTENSION = xctest;
			};
			name = Debug;
		};
		8ECA759219B4729B001CA4B1 /* Release */ = {
			isa = XCBuildConfiguration;
			buildSettings = {
				BUNDLE_LOADER = "$(BUILT_PRODUCTS_DIR)/KBRoundedButtonExample.app/KBRoundedButtonExample";
				FRAMEWORK_SEARCH_PATHS = (
					"$(SDKROOT)/Developer/Library/Frameworks",
					"$(inherited)",
					"$(DEVELOPER_FRAMEWORKS_DIR)",
				);
				GCC_PRECOMPILE_PREFIX_HEADER = YES;
				GCC_PREFIX_HEADER = "KBRoundedButtonExample/KBRoundedButtonExample-Prefix.pch";
				INFOPLIST_FILE = "KBRoundedButtonExampleTests/KBRoundedButtonExampleTests-Info.plist";
				PRODUCT_BUNDLE_IDENTIFIER = "pl.sigmapoint.${PRODUCT_NAME:rfc1034identifier}";
				PRODUCT_NAME = "$(TARGET_NAME)";
				TEST_HOST = "$(BUNDLE_LOADER)";
				WRAPPER_EXTENSION = xctest;
			};
			name = Release;
		};
/* End XCBuildConfiguration section */

/* Begin XCConfigurationList section */
		8ECA755319B4729A001CA4B1 /* Build configuration list for PBXProject "KBRoundedButtonExample" */ = {
			isa = XCConfigurationList;
			buildConfigurations = (
				8ECA758B19B4729B001CA4B1 /* Debug */,
				8ECA758C19B4729B001CA4B1 /* Release */,
			);
			defaultConfigurationIsVisible = 0;
			defaultConfigurationName = Release;
		};
		8ECA758D19B4729B001CA4B1 /* Build configuration list for PBXNativeTarget "KBRoundedButtonExample" */ = {
			isa = XCConfigurationList;
			buildConfigurations = (
				8ECA758E19B4729B001CA4B1 /* Debug */,
				8ECA758F19B4729B001CA4B1 /* Release */,
			);
			defaultConfigurationIsVisible = 0;
			defaultConfigurationName = Release;
		};
		8ECA759019B4729B001CA4B1 /* Build configuration list for PBXNativeTarget "KBRoundedButtonExampleTests" */ = {
			isa = XCConfigurationList;
			buildConfigurations = (
				8ECA759119B4729B001CA4B1 /* Debug */,
				8ECA759219B4729B001CA4B1 /* Release */,
			);
			defaultConfigurationIsVisible = 0;
			defaultConfigurationName = Release;
		};
/* End XCConfigurationList section */
	};
	rootObject = 8ECA755019B4729A001CA4B1 /* Project object */;
}
